
Microsoft Visual Studio Solution File, Format Version 12.00
# Visual Studio Version 17
VisualStudioVersion = 17.14.36518.9 d17.14
MinimumVisualStudioVersion = 10.0.40219.1
Project("{FAE04EC0-301F-11D3-BF4B-00C04F79EFBC}") = "Calculator", "Calculator\Calculator.csproj", "{91F1C096-ED72-440A-A9BB-582B0D2C1A67}"
EndProject
Global
	GlobalSection(SolutionConfigurationPlatforms) = preSolution
		Debug|Any CPU = Debug|Any CPU
		Release|Any CPU = Release|Any CPU
	EndGlobalSection
	GlobalSection(ProjectConfigurationPlatforms) = postSolution
		{91F1C096-ED72-440A-A9BB-582B0D2C1A67}.Debug|Any CPU.ActiveCfg = Debug|Any CPU
		{91F1C096-ED72-440A-A9BB-582B0D2C1A67}.Debug|Any CPU.Build.0 = Debug|Any CPU
		{91F1C096-ED72-440A-A9BB-582B0D2C1A67}.Release|Any CPU.ActiveCfg = Release|Any CPU
		{91F1C096-ED72-440A-A9BB-582B0D2C1A67}.Release|Any CPU.Build.0 = Release|Any CPU
	EndGlobalSection
	GlobalSection(SolutionProperties) = preSolution
		HideSolutionNode = FALSE
	EndGlobalSection
	GlobalSection(ExtensibilityGlobals) = postSolution
		SolutionGuid = {03DAF98B-999C-45A1-861F-651FC42E1ABC}
	EndGlobalSection
EndGlobal
